// !$*UTF8*$!
{
	archiveVersion = 1;
	classes = {
	};
	objectVersion = 51;
	objects = {

/* Begin PBXBuildFile section */
		2DA0225027F6D8E900532823 /* CommentCell.swift in Sources */ = {isa = PBXBuildFile; fileRef = 2DA0224F27F6D8E900532823 /* CommentCell.swift */; };
		2DBA67ED27EEB5E800DE949C /* AppDelegate.swift in Sources */ = {isa = PBXBuildFile; fileRef = 2DBA67EC27EEB5E800DE949C /* AppDelegate.swift */; };
		2DBA67EF27EEB5E800DE949C /* SceneDelegate.swift in Sources */ = {isa = PBXBuildFile; fileRef = 2DBA67EE27EEB5E800DE949C /* SceneDelegate.swift */; };
		2DBA67F427EEB5E800DE949C /* Main.storyboard in Resources */ = {isa = PBXBuildFile; fileRef = 2DBA67F227EEB5E800DE949C /* Main.storyboard */; };
		2DBA67F627EEB5F900DE949C /* Assets.xcassets in Resources */ = {isa = PBXBuildFile; fileRef = 2DBA67F527EEB5F900DE949C /* Assets.xcassets */; };
		2DBA67F927EEB5F900DE949C /* LaunchScreen.storyboard in Resources */ = {isa = PBXBuildFile; fileRef = 2DBA67F727EEB5F900DE949C /* LaunchScreen.storyboard */; };
		2DBA680427EEB5FA00DE949C /* InstagramTests.swift in Sources */ = {isa = PBXBuildFile; fileRef = 2DBA680327EEB5FA00DE949C /* InstagramTests.swift */; };
		2DBA680F27EEB5FA00DE949C /* InstagramUITests.swift in Sources */ = {isa = PBXBuildFile; fileRef = 2DBA680E27EEB5FA00DE949C /* InstagramUITests.swift */; };
		2DBA683127EECE8200DE949C /* LoginViewController.swift in Sources */ = {isa = PBXBuildFile; fileRef = 2DBA683027EECE8200DE949C /* LoginViewController.swift */; };
		2DBA683627EECEA200DE949C /* FeedViewController.swift in Sources */ = {isa = PBXBuildFile; fileRef = 2DBA683527EECEA200DE949C /* FeedViewController.swift */; };
		2DBA683B27EEE04900DE949C /* CameraViewController.swift in Sources */ = {isa = PBXBuildFile; fileRef = 2DBA683A27EEE04900DE949C /* CameraViewController.swift */; };
		2DBA684027EEED4200DE949C /* PostCell.swift in Sources */ = {isa = PBXBuildFile; fileRef = 2DBA683F27EEED4200DE949C /* PostCell.swift */; };
		43B6DA3AA9A554F02A189CF1 /* Pods_Instagram.framework in Frameworks */ = {isa = PBXBuildFile; fileRef = BCAD3E2A47016BD29FB6C193 /* Pods_Instagram.framework */; };
		636401300DB30CED7DED3219 /* Pods_InstagramTests.framework in Frameworks */ = {isa = PBXBuildFile; fileRef = 01E5B03CC1701BA234550AE1 /* Pods_InstagramTests.framework */; };
		C4A92B8E779042D8E2776674 /* Pods_Instagram_InstagramUITests.framework in Frameworks */ = {isa = PBXBuildFile; fileRef = 53805BD299CE6ED4358EE6EE /* Pods_Instagram_InstagramUITests.framework */; };
/* End PBXBuildFile section */

/* Begin PBXContainerItemProxy section */
		2DBA680027EEB5FA00DE949C /* PBXContainerItemProxy */ = {
			isa = PBXContainerItemProxy;
			containerPortal = 2DBA67E127EEB5E800DE949C /* Project object */;
			proxyType = 1;
			remoteGlobalIDString = 2DBA67E827EEB5E800DE949C;
			remoteInfo = Instagram;
		};
		2DBA680B27EEB5FA00DE949C /* PBXContainerItemProxy */ = {
			isa = PBXContainerItemProxy;
			containerPortal = 2DBA67E127EEB5E800DE949C /* Project object */;
			proxyType = 1;
			remoteGlobalIDString = 2DBA67E827EEB5E800DE949C;
			remoteInfo = Instagram;
		};
/* End PBXContainerItemProxy section */

/* Begin PBXFileReference section */
		01E5B03CC1701BA234550AE1 /* Pods_InstagramTests.framework */ = {isa = PBXFileReference; explicitFileType = wrapper.framework; includeInIndex = 0; path = Pods_InstagramTests.framework; sourceTree = BUILT_PRODUCTS_DIR; };
		1248065B80F870AEFB90759C /* Pods-InstagramTests.debug.xcconfig */ = {isa = PBXFileReference; includeInIndex = 1; lastKnownFileType = text.xcconfig; name = "Pods-InstagramTests.debug.xcconfig"; path = "Target Support Files/Pods-InstagramTests/Pods-InstagramTests.debug.xcconfig"; sourceTree = "<group>"; };
		19A29D40F1EA240CC01BE42E /* Pods-Instagram.release.xcconfig */ = {isa = PBXFileReference; includeInIndex = 1; lastKnownFileType = text.xcconfig; name = "Pods-Instagram.release.xcconfig"; path = "Target Support Files/Pods-Instagram/Pods-Instagram.release.xcconfig"; sourceTree = "<group>"; };
		2DA0224F27F6D8E900532823 /* CommentCell.swift */ = {isa = PBXFileReference; lastKnownFileType = sourcecode.swift; path = CommentCell.swift; sourceTree = "<group>"; };
		2DBA67E927EEB5E800DE949C /* Instagram.app */ = {isa = PBXFileReference; explicitFileType = wrapper.application; includeInIndex = 0; path = Instagram.app; sourceTree = BUILT_PRODUCTS_DIR; };
		2DBA67EC27EEB5E800DE949C /* AppDelegate.swift */ = {isa = PBXFileReference; lastKnownFileType = sourcecode.swift; path = AppDelegate.swift; sourceTree = "<group>"; };
		2DBA67EE27EEB5E800DE949C /* SceneDelegate.swift */ = {isa = PBXFileReference; lastKnownFileType = sourcecode.swift; path = SceneDelegate.swift; sourceTree = "<group>"; };
		2DBA67F327EEB5E800DE949C /* Base */ = {isa = PBXFileReference; lastKnownFileType = file.storyboard; name = Base; path = Base.lproj/Main.storyboard; sourceTree = "<group>"; };
		2DBA67F527EEB5F900DE949C /* Assets.xcassets */ = {isa = PBXFileReference; lastKnownFileType = folder.assetcatalog; path = Assets.xcassets; sourceTree = "<group>"; };
		2DBA67F827EEB5F900DE949C /* Base */ = {isa = PBXFileReference; lastKnownFileType = file.storyboard; name = Base; path = Base.lproj/LaunchScreen.storyboard; sourceTree = "<group>"; };
		2DBA67FA27EEB5F900DE949C /* Info.plist */ = {isa = PBXFileReference; lastKnownFileType = text.plist.xml; path = Info.plist; sourceTree = "<group>"; };
		2DBA67FF27EEB5FA00DE949C /* InstagramTests.xctest */ = {isa = PBXFileReference; explicitFileType = wrapper.cfbundle; includeInIndex = 0; path = InstagramTests.xctest; sourceTree = BUILT_PRODUCTS_DIR; };
		2DBA680327EEB5FA00DE949C /* InstagramTests.swift */ = {isa = PBXFileReference; lastKnownFileType = sourcecode.swift; path = InstagramTests.swift; sourceTree = "<group>"; };
		2DBA680527EEB5FA00DE949C /* Info.plist */ = {isa = PBXFileReference; lastKnownFileType = text.plist.xml; path = Info.plist; sourceTree = "<group>"; };
		2DBA680A27EEB5FA00DE949C /* InstagramUITests.xctest */ = {isa = PBXFileReference; explicitFileType = wrapper.cfbundle; includeInIndex = 0; path = InstagramUITests.xctest; sourceTree = BUILT_PRODUCTS_DIR; };
		2DBA680E27EEB5FA00DE949C /* InstagramUITests.swift */ = {isa = PBXFileReference; lastKnownFileType = sourcecode.swift; path = InstagramUITests.swift; sourceTree = "<group>"; };
		2DBA681027EEB5FA00DE949C /* Info.plist */ = {isa = PBXFileReference; lastKnownFileType = text.plist.xml; path = Info.plist; sourceTree = "<group>"; };
		2DBA683027EECE8200DE949C /* LoginViewController.swift */ = {isa = PBXFileReference; lastKnownFileType = sourcecode.swift; path = LoginViewController.swift; sourceTree = "<group>"; };
		2DBA683527EECEA200DE949C /* FeedViewController.swift */ = {isa = PBXFileReference; lastKnownFileType = sourcecode.swift; path = FeedViewController.swift; sourceTree = "<group>"; };
		2DBA683A27EEE04900DE949C /* CameraViewController.swift */ = {isa = PBXFileReference; lastKnownFileType = sourcecode.swift; path = CameraViewController.swift; sourceTree = "<group>"; };
		2DBA683F27EEED4200DE949C /* PostCell.swift */ = {isa = PBXFileReference; lastKnownFileType = sourcecode.swift; path = PostCell.swift; sourceTree = "<group>"; };
		40B916B24499978DEF609D23 /* Pods-Instagram-InstagramUITests.debug.xcconfig */ = {isa = PBXFileReference; includeInIndex = 1; lastKnownFileType = text.xcconfig; name = "Pods-Instagram-InstagramUITests.debug.xcconfig"; path = "Target Support Files/Pods-Instagram-InstagramUITests/Pods-Instagram-InstagramUITests.debug.xcconfig"; sourceTree = "<group>"; };
		438F8D4098B7DBF21EB274BB /* Pods-InstagramTests.release.xcconfig */ = {isa = PBXFileReference; includeInIndex = 1; lastKnownFileType = text.xcconfig; name = "Pods-InstagramTests.release.xcconfig"; path = "Target Support Files/Pods-InstagramTests/Pods-InstagramTests.release.xcconfig"; sourceTree = "<group>"; };
		53805BD299CE6ED4358EE6EE /* Pods_Instagram_InstagramUITests.framework */ = {isa = PBXFileReference; explicitFileType = wrapper.framework; includeInIndex = 0; path = Pods_Instagram_InstagramUITests.framework; sourceTree = BUILT_PRODUCTS_DIR; };
		76C68C7BA1B5730D4DDC5337 /* Pods-Instagram.debug.xcconfig */ = {isa = PBXFileReference; includeInIndex = 1; lastKnownFileType = text.xcconfig; name = "Pods-Instagram.debug.xcconfig"; path = "Target Support Files/Pods-Instagram/Pods-Instagram.debug.xcconfig"; sourceTree = "<group>"; };
		9CEDFF22C07EAC23CC7DD6C6 /* Pods-Instagram-InstagramUITests.release.xcconfig */ = {isa = PBXFileReference; includeInIndex = 1; lastKnownFileType = text.xcconfig; name = "Pods-Instagram-InstagramUITests.release.xcconfig"; path = "Target Support Files/Pods-Instagram-InstagramUITests/Pods-Instagram-InstagramUITests.release.xcconfig"; sourceTree = "<group>"; };
		BCAD3E2A47016BD29FB6C193 /* Pods_Instagram.framework */ = {isa = PBXFileReference; explicitFileType = wrapper.framework; includeInIndex = 0; path = Pods_Instagram.framework; sourceTree = BUILT_PRODUCTS_DIR; };
/* End PBXFileReference section */

/* Begin PBXFrameworksBuildPhase section */
		2DBA67E627EEB5E800DE949C /* Frameworks */ = {
			isa = PBXFrameworksBuildPhase;
			buildActionMask = 2147483647;
			files = (
				43B6DA3AA9A554F02A189CF1 /* Pods_Instagram.framework in Frameworks */,
			);
			runOnlyForDeploymentPostprocessing = 0;
		};
		2DBA67FC27EEB5FA00DE949C /* Frameworks */ = {
			isa = PBXFrameworksBuildPhase;
			buildActionMask = 2147483647;
			files = (
				636401300DB30CED7DED3219 /* Pods_InstagramTests.framework in Frameworks */,
			);
			runOnlyForDeploymentPostprocessing = 0;
		};
		2DBA680727EEB5FA00DE949C /* Frameworks */ = {
			isa = PBXFrameworksBuildPhase;
			buildActionMask = 2147483647;
			files = (
				C4A92B8E779042D8E2776674 /* Pods_Instagram_InstagramUITests.framework in Frameworks */,
			);
			runOnlyForDeploymentPostprocessing = 0;
		};
/* End PBXFrameworksBuildPhase section */

/* Begin PBXGroup section */
		2DBA67E027EEB5E800DE949C = {
			isa = PBXGroup;
			children = (
				2DBA67EB27EEB5E800DE949C /* Instagram */,
				2DBA680227EEB5FA00DE949C /* InstagramTests */,
				2DBA680D27EEB5FA00DE949C /* InstagramUITests */,
				2DBA67EA27EEB5E800DE949C /* Products */,
				DE9D97748B8DC0D5C12EE06D /* Pods */,
				99ADEB0040A3D568EF6AF87F /* Frameworks */,
			);
			sourceTree = "<group>";
		};
		2DBA67EA27EEB5E800DE949C /* Products */ = {
			isa = PBXGroup;
			children = (
				2DBA67E927EEB5E800DE949C /* Instagram.app */,
				2DBA67FF27EEB5FA00DE949C /* InstagramTests.xctest */,
				2DBA680A27EEB5FA00DE949C /* InstagramUITests.xctest */,
			);
			name = Products;
			sourceTree = "<group>";
		};
		2DBA67EB27EEB5E800DE949C /* Instagram */ = {
			isa = PBXGroup;
			children = (
				2DBA67EC27EEB5E800DE949C /* AppDelegate.swift */,
				2DBA67EE27EEB5E800DE949C /* SceneDelegate.swift */,
				2DBA67F227EEB5E800DE949C /* Main.storyboard */,
				2DBA683027EECE8200DE949C /* LoginViewController.swift */,
				2DBA67F527EEB5F900DE949C /* Assets.xcassets */,
				2DBA67F727EEB5F900DE949C /* LaunchScreen.storyboard */,
				2DBA67FA27EEB5F900DE949C /* Info.plist */,
				2DBA683527EECEA200DE949C /* FeedViewController.swift */,
				2DBA683A27EEE04900DE949C /* CameraViewController.swift */,
				2DBA683F27EEED4200DE949C /* PostCell.swift */,
				2DA0224F27F6D8E900532823 /* CommentCell.swift */,
			);
			path = Instagram;
			sourceTree = "<group>";
		};
		2DBA680227EEB5FA00DE949C /* InstagramTests */ = {
			isa = PBXGroup;
			children = (
				2DBA680327EEB5FA00DE949C /* InstagramTests.swift */,
				2DBA680527EEB5FA00DE949C /* Info.plist */,
			);
			path = InstagramTests;
			sourceTree = "<group>";
		};
		2DBA680D27EEB5FA00DE949C /* InstagramUITests */ = {
			isa = PBXGroup;
			children = (
				2DBA680E27EEB5FA00DE949C /* InstagramUITests.swift */,
				2DBA681027EEB5FA00DE949C /* Info.plist */,
			);
			path = InstagramUITests;
			sourceTree = "<group>";
		};
		99ADEB0040A3D568EF6AF87F /* Frameworks */ = {
			isa = PBXGroup;
			children = (
				BCAD3E2A47016BD29FB6C193 /* Pods_Instagram.framework */,
				53805BD299CE6ED4358EE6EE /* Pods_Instagram_InstagramUITests.framework */,
				01E5B03CC1701BA234550AE1 /* Pods_InstagramTests.framework */,
			);
			name = Frameworks;
			sourceTree = "<group>";
		};
		DE9D97748B8DC0D5C12EE06D /* Pods */ = {
			isa = PBXGroup;
			children = (
				76C68C7BA1B5730D4DDC5337 /* Pods-Instagram.debug.xcconfig */,
				19A29D40F1EA240CC01BE42E /* Pods-Instagram.release.xcconfig */,
				40B916B24499978DEF609D23 /* Pods-Instagram-InstagramUITests.debug.xcconfig */,
				9CEDFF22C07EAC23CC7DD6C6 /* Pods-Instagram-InstagramUITests.release.xcconfig */,
				1248065B80F870AEFB90759C /* Pods-InstagramTests.debug.xcconfig */,
				438F8D4098B7DBF21EB274BB /* Pods-InstagramTests.release.xcconfig */,
			);
			path = Pods;
			sourceTree = "<group>";
		};
/* End PBXGroup section */

/* Begin PBXNativeTarget section */
		2DBA67E827EEB5E800DE949C /* Instagram */ = {
			isa = PBXNativeTarget;
			buildConfigurationList = 2DBA681327EEB5FA00DE949C /* Build configuration list for PBXNativeTarget "Instagram" */;
			buildPhases = (
				85E02D17B323739050605F75 /* [CP] Check Pods Manifest.lock */,
				2DBA67E527EEB5E800DE949C /* Sources */,
				2DBA67E627EEB5E800DE949C /* Frameworks */,
				2DBA67E727EEB5E800DE949C /* Resources */,
				9735BDAD95A8B31E31BC889A /* [CP] Embed Pods Frameworks */,
			);
			buildRules = (
			);
			dependencies = (
			);
			name = Instagram;
			productName = Instagram;
			productReference = 2DBA67E927EEB5E800DE949C /* Instagram.app */;
			productType = "com.apple.product-type.application";
		};
		2DBA67FE27EEB5FA00DE949C /* InstagramTests */ = {
			isa = PBXNativeTarget;
			buildConfigurationList = 2DBA681627EEB5FA00DE949C /* Build configuration list for PBXNativeTarget "InstagramTests" */;
			buildPhases = (
				81CF891C716D5A1EB239A344 /* [CP] Check Pods Manifest.lock */,
				2DBA67FB27EEB5FA00DE949C /* Sources */,
				2DBA67FC27EEB5FA00DE949C /* Frameworks */,
				2DBA67FD27EEB5FA00DE949C /* Resources */,
			);
			buildRules = (
			);
			dependencies = (
				2DBA680127EEB5FA00DE949C /* PBXTargetDependency */,
			);
			name = InstagramTests;
			productName = InstagramTests;
			productReference = 2DBA67FF27EEB5FA00DE949C /* InstagramTests.xctest */;
			productType = "com.apple.product-type.bundle.unit-test";
		};
		2DBA680927EEB5FA00DE949C /* InstagramUITests */ = {
			isa = PBXNativeTarget;
			buildConfigurationList = 2DBA681927EEB5FA00DE949C /* Build configuration list for PBXNativeTarget "InstagramUITests" */;
			buildPhases = (
				F18D9A33275214018139EA15 /* [CP] Check Pods Manifest.lock */,
				2DBA680627EEB5FA00DE949C /* Sources */,
				2DBA680727EEB5FA00DE949C /* Frameworks */,
				2DBA680827EEB5FA00DE949C /* Resources */,
				C9093DBAF1020B3E1F7E0051 /* [CP] Embed Pods Frameworks */,
			);
			buildRules = (
			);
			dependencies = (
				2DBA680C27EEB5FA00DE949C /* PBXTargetDependency */,
			);
			name = InstagramUITests;
			productName = InstagramUITests;
			productReference = 2DBA680A27EEB5FA00DE949C /* InstagramUITests.xctest */;
			productType = "com.apple.product-type.bundle.ui-testing";
		};
/* End PBXNativeTarget section */

/* Begin PBXProject section */
		2DBA67E127EEB5E800DE949C /* Project object */ = {
			isa = PBXProject;
			attributes = {
				LastSwiftUpdateCheck = 1230;
				LastUpgradeCheck = 1230;
				TargetAttributes = {
					2DBA67E827EEB5E800DE949C = {
						CreatedOnToolsVersion = 12.3;
					};
					2DBA67FE27EEB5FA00DE949C = {
						CreatedOnToolsVersion = 12.3;
						TestTargetID = 2DBA67E827EEB5E800DE949C;
					};
					2DBA680927EEB5FA00DE949C = {
						CreatedOnToolsVersion = 12.3;
						TestTargetID = 2DBA67E827EEB5E800DE949C;
					};
				};
			};
			buildConfigurationList = 2DBA67E427EEB5E800DE949C /* Build configuration list for PBXProject "Instagram" */;
			compatibilityVersion = "Xcode 9.3";
			developmentRegion = en;
			hasScannedForEncodings = 0;
			knownRegions = (
				en,
				Base,
			);
			mainGroup = 2DBA67E027EEB5E800DE949C;
			productRefGroup = 2DBA67EA27EEB5E800DE949C /* Products */;
			projectDirPath = "";
			projectRoot = "";
			targets = (
				2DBA67E827EEB5E800DE949C /* Instagram */,
				2DBA67FE27EEB5FA00DE949C /* InstagramTests */,
				2DBA680927EEB5FA00DE949C /* InstagramUITests */,
			);
		};
/* End PBXProject section */

/* Begin PBXResourcesBuildPhase section */
		2DBA67E727EEB5E800DE949C /* Resources */ = {
			isa = PBXResourcesBuildPhase;
			buildActionMask = 2147483647;
			files = (
				2DBA67F927EEB5F900DE949C /* LaunchScreen.storyboard in Resources */,
				2DBA67F627EEB5F900DE949C /* Assets.xcassets in Resources */,
				2DBA67F427EEB5E800DE949C /* Main.storyboard in Resources */,
			);
			runOnlyForDeploymentPostprocessing = 0;
		};
		2DBA67FD27EEB5FA00DE949C /* Resources */ = {
			isa = PBXResourcesBuildPhase;
			buildActionMask = 2147483647;
			files = (
			);
			runOnlyForDeploymentPostprocessing = 0;
		};
		2DBA680827EEB5FA00DE949C /* Resources */ = {
			isa = PBXResourcesBuildPhase;
			buildActionMask = 2147483647;
			files = (
			);
			runOnlyForDeploymentPostprocessing = 0;
		};
/* End PBXResourcesBuildPhase section */

/* Begin PBXShellScriptBuildPhase section */
		81CF891C716D5A1EB239A344 /* [CP] Check Pods Manifest.lock */ = {
			isa = PBXShellScriptBuildPhase;
			buildActionMask = 2147483647;
			files = (
			);
			inputFileListPaths = (
			);
			inputPaths = (
				"${PODS_PODFILE_DIR_PATH}/Podfile.lock",
				"${PODS_ROOT}/Manifest.lock",
			);
			name = "[CP] Check Pods Manifest.lock";
			outputFileListPaths = (
			);
			outputPaths = (
				"$(DERIVED_FILE_DIR)/Pods-InstagramTests-checkManifestLockResult.txt",
			);
			runOnlyForDeploymentPostprocessing = 0;
			shellPath = /bin/sh;
			shellScript = "diff \"${PODS_PODFILE_DIR_PATH}/Podfile.lock\" \"${PODS_ROOT}/Manifest.lock\" > /dev/null\nif [ $? != 0 ] ; then\n    # print error to STDERR\n    echo \"error: The sandbox is not in sync with the Podfile.lock. Run 'pod install' or update your CocoaPods installation.\" >&2\n    exit 1\nfi\n# This output is used by Xcode 'outputs' to avoid re-running this script phase.\necho \"SUCCESS\" > \"${SCRIPT_OUTPUT_FILE_0}\"\n";
			showEnvVarsInLog = 0;
		};
		85E02D17B323739050605F75 /* [CP] Check Pods Manifest.lock */ = {
			isa = PBXShellScriptBuildPhase;
			buildActionMask = 2147483647;
			files = (
			);
			inputFileListPaths = (
			);
			inputPaths = (
				"${PODS_PODFILE_DIR_PATH}/Podfile.lock",
				"${PODS_ROOT}/Manifest.lock",
			);
			name = "[CP] Check Pods Manifest.lock";
			outputFileListPaths = (
			);
			outputPaths = (
				"$(DERIVED_FILE_DIR)/Pods-Instagram-checkManifestLockResult.txt",
			);
			runOnlyForDeploymentPostprocessing = 0;
			shellPath = /bin/sh;
			shellScript = "diff \"${PODS_PODFILE_DIR_PATH}/Podfile.lock\" \"${PODS_ROOT}/Manifest.lock\" > /dev/null\nif [ $? != 0 ] ; then\n    # print error to STDERR\n    echo \"error: The sandbox is not in sync with the Podfile.lock. Run 'pod install' or update your CocoaPods installation.\" >&2\n    exit 1\nfi\n# This output is used by Xcode 'outputs' to avoid re-running this script phase.\necho \"SUCCESS\" > \"${SCRIPT_OUTPUT_FILE_0}\"\n";
			showEnvVarsInLog = 0;
		};
		9735BDAD95A8B31E31BC889A /* [CP] Embed Pods Frameworks */ = {
			isa = PBXShellScriptBuildPhase;
			buildActionMask = 2147483647;
			files = (
			);
			inputFileListPaths = (
				"${PODS_ROOT}/Target Support Files/Pods-Instagram/Pods-Instagram-frameworks-${CONFIGURATION}-input-files.xcfilelist",
			);
			name = "[CP] Embed Pods Frameworks";
			outputFileListPaths = (
				"${PODS_ROOT}/Target Support Files/Pods-Instagram/Pods-Instagram-frameworks-${CONFIGURATION}-output-files.xcfilelist",
			);
			runOnlyForDeploymentPostprocessing = 0;
			shellPath = /bin/sh;
			shellScript = "\"${PODS_ROOT}/Target Support Files/Pods-Instagram/Pods-Instagram-frameworks.sh\"\n";
			showEnvVarsInLog = 0;
		};
		C9093DBAF1020B3E1F7E0051 /* [CP] Embed Pods Frameworks */ = {
			isa = PBXShellScriptBuildPhase;
			buildActionMask = 2147483647;
			files = (
			);
			inputFileListPaths = (
				"${PODS_ROOT}/Target Support Files/Pods-Instagram-InstagramUITests/Pods-Instagram-InstagramUITests-frameworks-${CONFIGURATION}-input-files.xcfilelist",
			);
			name = "[CP] Embed Pods Frameworks";
			outputFileListPaths = (
				"${PODS_ROOT}/Target Support Files/Pods-Instagram-InstagramUITests/Pods-Instagram-InstagramUITests-frameworks-${CONFIGURATION}-output-files.xcfilelist",
			);
			runOnlyForDeploymentPostprocessing = 0;
			shellPath = /bin/sh;
			shellScript = "\"${PODS_ROOT}/Target Support Files/Pods-Instagram-InstagramUITests/Pods-Instagram-InstagramUITests-frameworks.sh\"\n";
			showEnvVarsInLog = 0;
		};
		F18D9A33275214018139EA15 /* [CP] Check Pods Manifest.lock */ = {
			isa = PBXShellScriptBuildPhase;
			buildActionMask = 2147483647;
			files = (
			);
			inputFileListPaths = (
			);
			inputPaths = (
				"${PODS_PODFILE_DIR_PATH}/Podfile.lock",
				"${PODS_ROOT}/Manifest.lock",
			);
			name = "[CP] Check Pods Manifest.lock";
			outputFileListPaths = (
			);
			outputPaths = (
				"$(DERIVED_FILE_DIR)/Pods-Instagram-InstagramUITests-checkManifestLockResult.txt",
			);
			runOnlyForDeploymentPostprocessing = 0;
			shellPath = /bin/sh;
			shellScript = "diff \"${PODS_PODFILE_DIR_PATH}/Podfile.lock\" \"${PODS_ROOT}/Manifest.lock\" > /dev/null\nif [ $? != 0 ] ; then\n    # print error to STDERR\n    echo \"error: The sandbox is not in sync with the Podfile.lock. Run 'pod install' or update your CocoaPods installation.\" >&2\n    exit 1\nfi\n# This output is used by Xcode 'outputs' to avoid re-running this script phase.\necho \"SUCCESS\" > \"${SCRIPT_OUTPUT_FILE_0}\"\n";
			showEnvVarsInLog = 0;
		};
/* End PBXShellScriptBuildPhase section */

/* Begin PBXSourcesBuildPhase section */
		2DBA67E527EEB5E800DE949C /* Sources */ = {
			isa = PBXSourcesBuildPhase;
			buildActionMask = 2147483647;
			files = (
				2DBA683127EECE8200DE949C /* LoginViewController.swift in Sources */,
				2DBA683B27EEE04900DE949C /* CameraViewController.swift in Sources */,
				2DBA67ED27EEB5E800DE949C /* AppDelegate.swift in Sources */,
				2DBA683627EECEA200DE949C /* FeedViewController.swift in Sources */,
				2DBA67EF27EEB5E800DE949C /* SceneDelegate.swift in Sources */,
				2DBA684027EEED4200DE949C /* PostCell.swift in Sources */,
				2DA0225027F6D8E900532823 /* CommentCell.swift in Sources */,
			);
			runOnlyForDeploymentPostprocessing = 0;
		};
		2DBA67FB27EEB5FA00DE949C /* Sources */ = {
			isa = PBXSourcesBuildPhase;
			buildActionMask = 2147483647;
			files = (
				2DBA680427EEB5FA00DE949C /* InstagramTests.swift in Sources */,
			);
			runOnlyForDeploymentPostprocessing = 0;
		};
		2DBA680627EEB5FA00DE949C /* Sources */ = {
			isa = PBXSourcesBuildPhase;
			buildActionMask = 2147483647;
			files = (
				2DBA680F27EEB5FA00DE949C /* InstagramUITests.swift in Sources */,
			);
			runOnlyForDeploymentPostprocessing = 0;
		};
/* End PBXSourcesBuildPhase section */

/* Begin PBXTargetDependency section */
		2DBA680127EEB5FA00DE949C /* PBXTargetDependency */ = {
			isa = PBXTargetDependency;
			target = 2DBA67E827EEB5E800DE949C /* Instagram */;
			targetProxy = 2DBA680027EEB5FA00DE949C /* PBXContainerItemProxy */;
		};
		2DBA680C27EEB5FA00DE949C /* PBXTargetDependency */ = {
			isa = PBXTargetDependency;
			target = 2DBA67E827EEB5E800DE949C /* Instagram */;
			targetProxy = 2DBA680B27EEB5FA00DE949C /* PBXContainerItemProxy */;
		};
/* End PBXTargetDependency section */

/* Begin PBXVariantGroup section */
		2DBA67F227EEB5E800DE949C /* Main.storyboard */ = {
			isa = PBXVariantGroup;
			children = (
				2DBA67F327EEB5E800DE949C /* Base */,
			);
			name = Main.storyboard;
			sourceTree = "<group>";
		};
		2DBA67F727EEB5F900DE949C /* LaunchScreen.storyboard */ = {
			isa = PBXVariantGroup;
			children = (
				2DBA67F827EEB5F900DE949C /* Base */,
			);
			name = LaunchScreen.storyboard;
			sourceTree = "<group>";
		};
/* End PBXVariantGroup section */

/* Begin XCBuildConfiguration section */
		2DBA681127EEB5FA00DE949C /* Debug */ = {
			isa = XCBuildConfiguration;
			buildSettings = {
				ALWAYS_SEARCH_USER_PATHS = NO;
				CLANG_ANALYZER_NONNULL = YES;
				CLANG_ANALYZER_NUMBER_OBJECT_CONVERSION = YES_AGGRESSIVE;
				CLANG_CXX_LANGUAGE_STANDARD = "gnu++14";
				CLANG_CXX_LIBRARY = "libc++";
				CLANG_ENABLE_MODULES = YES;
				CLANG_ENABLE_OBJC_ARC = YES;
				CLANG_ENABLE_OBJC_WEAK = YES;
				CLANG_WARN_BLOCK_CAPTURE_AUTORELEASING = YES;
				CLANG_WARN_BOOL_CONVERSION = YES;
				CLANG_WARN_COMMA = YES;
				CLANG_WARN_CONSTANT_CONVERSION = YES;
				CLANG_WARN_DEPRECATED_OBJC_IMPLEMENTATIONS = YES;
				CLANG_WARN_DIRECT_OBJC_ISA_USAGE = YES_ERROR;
				CLANG_WARN_DOCUMENTATION_COMMENTS = YES;
				CLANG_WARN_EMPTY_BODY = YES;
				CLANG_WARN_ENUM_CONVERSION = YES;
				CLANG_WARN_INFINITE_RECURSION = YES;
				CLANG_WARN_INT_CONVERSION = YES;
				CLANG_WARN_NON_LITERAL_NULL_CONVERSION = YES;
				CLANG_WARN_OBJC_IMPLICIT_RETAIN_SELF = YES;
				CLANG_WARN_OBJC_LITERAL_CONVERSION = YES;
				CLANG_WARN_OBJC_ROOT_CLASS = YES_ERROR;
				CLANG_WARN_QUOTED_INCLUDE_IN_FRAMEWORK_HEADER = YES;
				CLANG_WARN_RANGE_LOOP_ANALYSIS = YES;
				CLANG_WARN_STRICT_PROTOTYPES = YES;
				CLANG_WARN_SUSPICIOUS_MOVE = YES;
				CLANG_WARN_UNGUARDED_AVAILABILITY = YES_AGGRESSIVE;
				CLANG_WARN_UNREACHABLE_CODE = YES;
				CLANG_WARN__DUPLICATE_METHOD_MATCH = YES;
				COPY_PHASE_STRIP = NO;
				DEBUG_INFORMATION_FORMAT = dwarf;
				ENABLE_STRICT_OBJC_MSGSEND = YES;
				ENABLE_TESTABILITY = YES;
				GCC_C_LANGUAGE_STANDARD = gnu11;
				GCC_DYNAMIC_NO_PIC = NO;
				GCC_NO_COMMON_BLOCKS = YES;
				GCC_OPTIMIZATION_LEVEL = 0;
				GCC_PREPROCESSOR_DEFINITIONS = (
					"DEBUG=1",
					"$(inherited)",
				);
				GCC_WARN_64_TO_32_BIT_CONVERSION = YES;
				GCC_WARN_ABOUT_RETURN_TYPE = YES_ERROR;
				GCC_WARN_UNDECLARED_SELECTOR = YES;
				GCC_WARN_UNINITIALIZED_AUTOS = YES_AGGRESSIVE;
				GCC_WARN_UNUSED_FUNCTION = YES;
				GCC_WARN_UNUSED_VARIABLE = YES;
				IPHONEOS_DEPLOYMENT_TARGET = 14.3;
				MTL_ENABLE_DEBUG_INFO = INCLUDE_SOURCE;
				MTL_FAST_MATH = YES;
				ONLY_ACTIVE_ARCH = YES;
				SDKROOT = iphoneos;
				SWIFT_ACTIVE_COMPILATION_CONDITIONS = DEBUG;
				SWIFT_OPTIMIZATION_LEVEL = "-Onone";
			};
			name = Debug;
		};
		2DBA681227EEB5FA00DE949C /* Release */ = {
			isa = XCBuildConfiguration;
			buildSettings = {
				ALWAYS_SEARCH_USER_PATHS = NO;
				CLANG_ANALYZER_NONNULL = YES;
				CLANG_ANALYZER_NUMBER_OBJECT_CONVERSION = YES_AGGRESSIVE;
				CLANG_CXX_LANGUAGE_STANDARD = "gnu++14";
				CLANG_CXX_LIBRARY = "libc++";
				CLANG_ENABLE_MODULES = YES;
				CLANG_ENABLE_OBJC_ARC = YES;
				CLANG_ENABLE_OBJC_WEAK = YES;
				CLANG_WARN_BLOCK_CAPTURE_AUTORELEASING = YES;
				CLANG_WARN_BOOL_CONVERSION = YES;
				CLANG_WARN_COMMA = YES;
				CLANG_WARN_CONSTANT_CONVERSION = YES;
				CLANG_WARN_DEPRECATED_OBJC_IMPLEMENTATIONS = YES;
				CLANG_WARN_DIRECT_OBJC_ISA_USAGE = YES_ERROR;
				CLANG_WARN_DOCUMENTATION_COMMENTS = YES;
				CLANG_WARN_EMPTY_BODY = YES;
				CLANG_WARN_ENUM_CONVERSION = YES;
				CLANG_WARN_INFINITE_RECURSION = YES;
				CLANG_WARN_INT_CONVERSION = YES;
				CLANG_WARN_NON_LITERAL_NULL_CONVERSION = YES;
				CLANG_WARN_OBJC_IMPLICIT_RETAIN_SELF = YES;
				CLANG_WARN_OBJC_LITERAL_CONVERSION = YES;
				CLANG_WARN_OBJC_ROOT_CLASS = YES_ERROR;
				CLANG_WARN_QUOTED_INCLUDE_IN_FRAMEWORK_HEADER = YES;
				CLANG_WARN_RANGE_LOOP_ANALYSIS = YES;
				CLANG_WARN_STRICT_PROTOTYPES = YES;
				CLANG_WARN_SUSPICIOUS_MOVE = YES;
				CLANG_WARN_UNGUARDED_AVAILABILITY = YES_AGGRESSIVE;
				CLANG_WARN_UNREACHABLE_CODE = YES;
				CLANG_WARN__DUPLICATE_METHOD_MATCH = YES;
				COPY_PHASE_STRIP = NO;
				DEBUG_INFORMATION_FORMAT = "dwarf-with-dsym";
				ENABLE_NS_ASSERTIONS = NO;
				ENABLE_STRICT_OBJC_MSGSEND = YES;
				GCC_C_LANGUAGE_STANDARD = gnu11;
				GCC_NO_COMMON_BLOCKS = YES;
				GCC_WARN_64_TO_32_BIT_CONVERSION = YES;
				GCC_WARN_ABOUT_RETURN_TYPE = YES_ERROR;
				GCC_WARN_UNDECLARED_SELECTOR = YES;
				GCC_WARN_UNINITIALIZED_AUTOS = YES_AGGRESSIVE;
				GCC_WARN_UNUSED_FUNCTION = YES;
				GCC_WARN_UNUSED_VARIABLE = YES;
				IPHONEOS_DEPLOYMENT_TARGET = 14.3;
				MTL_ENABLE_DEBUG_INFO = NO;
				MTL_FAST_MATH = YES;
				SDKROOT = iphoneos;
				SWIFT_COMPILATION_MODE = wholemodule;
				SWIFT_OPTIMIZATION_LEVEL = "-O";
				VALIDATE_PRODUCT = YES;
			};
			name = Release;
		};
		2DBA681427EEB5FA00DE949C /* Debug */ = {
			isa = XCBuildConfiguration;
			baseConfigurationReference = 76C68C7BA1B5730D4DDC5337 /* Pods-Instagram.debug.xcconfig */;
			buildSettings = {
				ASSETCATALOG_COMPILER_APPICON_NAME = AppIcon;
				ASSETCATALOG_COMPILER_GLOBAL_ACCENT_COLOR_NAME = AccentColor;
				CODE_SIGN_STYLE = Automatic;
				INFOPLIST_FILE = Instagram/Info.plist;
				LD_RUNPATH_SEARCH_PATHS = (
					"$(inherited)",
					"@executable_path/Frameworks",
				);
				PRODUCT_BUNDLE_IDENTIFIER = memo.com.Instagram;
				PRODUCT_NAME = "$(TARGET_NAME)";
				SWIFT_VERSION = 5.0;
				TARGETED_DEVICE_FAMILY = "1,2";
			};
			name = Debug;
		};
		2DBA681527EEB5FA00DE949C /* Release */ = {
			isa = XCBuildConfiguration;
			baseConfigurationReference = 19A29D40F1EA240CC01BE42E /* Pods-Instagram.release.xcconfig */;
			buildSettings = {
				ASSETCATALOG_COMPILER_APPICON_NAME = AppIcon;
				ASSETCATALOG_COMPILER_GLOBAL_ACCENT_COLOR_NAME = AccentColor;
				CODE_SIGN_STYLE = Automatic;
				INFOPLIST_FILE = Instagram/Info.plist;
				LD_RUNPATH_SEARCH_PATHS = (
					"$(inherited)",
					"@executable_path/Frameworks",
				);
				PRODUCT_BUNDLE_IDENTIFIER = memo.com.Instagram;
				PRODUCT_NAME = "$(TARGET_NAME)";
				SWIFT_VERSION = 5.0;
				TARGETED_DEVICE_FAMILY = "1,2";
			};
			name = Release;
		};
		2DBA681727EEB5FA00DE949C /* Debug */ = {
			isa = XCBuildConfiguration;
			baseConfigurationReference = 1248065B80F870AEFB90759C /* Pods-InstagramTests.debug.xcconfig */;
			buildSettings = {
				ALWAYS_EMBED_SWIFT_STANDARD_LIBRARIES = YES;
				BUNDLE_LOADER = "$(TEST_HOST)";
				CODE_SIGN_STYLE = Automatic;
				INFOPLIST_FILE = InstagramTests/Info.plist;
				IPHONEOS_DEPLOYMENT_TARGET = 14.3;
				LD_RUNPATH_SEARCH_PATHS = (
					"$(inherited)",
					"@executable_path/Frameworks",
					"@loader_path/Frameworks",
				);
				PRODUCT_BUNDLE_IDENTIFIER = memo.com.InstagramTests;
				PRODUCT_NAME = "$(TARGET_NAME)";
				SWIFT_VERSION = 5.0;
				TARGETED_DEVICE_FAMILY = "1,2";
				TEST_HOST = "$(BUILT_PRODUCTS_DIR)/Instagram.app/Instagram";
			};
			name = Debug;
		};
		2DBA681827EEB5FA00DE949C /* Release */ = {
			isa = XCBuildConfiguration;
			baseConfigurationReference = 438F8D4098B7DBF21EB274BB /* Pods-InstagramTests.release.xcconfig */;
			buildSettings = {
				ALWAYS_EMBED_SWIFT_STANDARD_LIBRARIES = YES;
				BUNDLE_LOADER = "$(TEST_HOST)";
				CODE_SIGN_STYLE = Automatic;
				INFOPLIST_FILE = InstagramTests/Info.plist;
				IPHONEOS_DEPLOYMENT_TARGET = 14.3;
				LD_RUNPATH_SEARCH_PATHS = (
					"$(inherited)",
					"@executable_path/Frameworks",
					"@loader_path/Frameworks",
				);
				PRODUCT_BUNDLE_IDENTIFIER = memo.com.InstagramTests;
				PRODUCT_NAME = "$(TARGET_NAME)";
				SWIFT_VERSION = 5.0;
				TARGETED_DEVICE_FAMILY = "1,2";
				TEST_HOST = "$(BUILT_PRODUCTS_DIR)/Instagram.app/Instagram";
			};
			name = Release;
		};
		2DBA681A27EEB5FA00DE949C /* Debug */ = {
			isa = XCBuildConfiguration;
			baseConfigurationReference = 40B916B24499978DEF609D23 /* Pods-Instagram-InstagramUITests.debug.xcconfig */;
			buildSettings = {
				ALWAYS_EMBED_SWIFT_STANDARD_LIBRARIES = YES;
				CODE_SIGN_STYLE = Automatic;
				INFOPLIST_FILE = InstagramUITests/Info.plist;
				LD_RUNPATH_SEARCH_PATHS = (
					"$(inherited)",
					"@executable_path/Frameworks",
					"@loader_path/Frameworks",
				);
				PRODUCT_BUNDLE_IDENTIFIER = memo.com.InstagramUITests;
				PRODUCT_NAME = "$(TARGET_NAME)";
				SWIFT_VERSION = 5.0;
				TARGETED_DEVICE_FAMILY = "1,2";
				TEST_TARGET_NAME = Instagram;
			};
			name = Debug;
		};
		2DBA681B27EEB5FA00DE949C /* Release */ = {
			isa = XCBuildConfiguration;
			baseConfigurationReference = 9CEDFF22C07EAC23CC7DD6C6 /* Pods-Instagram-InstagramUITests.release.xcconfig */;
			buildSettings = {
				ALWAYS_EMBED_SWIFT_STANDARD_LIBRARIES = YES;
				CODE_SIGN_STYLE = Automatic;
				INFOPLIST_FILE = InstagramUITests/Info.plist;
				LD_RUNPATH_SEARCH_PATHS = (
					"$(inherited)",
					"@executable_path/Frameworks",
					"@loader_path/Frameworks",
				);
				PRODUCT_BUNDLE_IDENTIFIER = memo.com.InstagramUITests;
				PRODUCT_NAME = "$(TARGET_NAME)";
				SWIFT_VERSION = 5.0;
				TARGETED_DEVICE_FAMILY = "1,2";
				TEST_TARGET_NAME = Instagram;
			};
			name = Release;
		};
/* End XCBuildConfiguration section */

/* Begin XCConfigurationList section */
		2DBA67E427EEB5E800DE949C /* Build configuration list for PBXProject "Instagram" */ = {
			isa = XCConfigurationList;
			buildConfigurations = (
				2DBA681127EEB5FA00DE949C /* Debug */,
				2DBA681227EEB5FA00DE949C /* Release */,
			);
			defaultConfigurationIsVisible = 0;
			defaultConfigurationName = Release;
		};
		2DBA681327EEB5FA00DE949C /* Build configuration list for PBXNativeTarget "Instagram" */ = {
			isa = XCConfigurationList;
			buildConfigurations = (
				2DBA681427EEB5FA00DE949C /* Debug */,
				2DBA681527EEB5FA00DE949C /* Release */,
			);
			defaultConfigurationIsVisible = 0;
			defaultConfigurationName = Release;
		};
		2DBA681627EEB5FA00DE949C /* Build configuration list for PBXNativeTarget "InstagramTests" */ = {
			isa = XCConfigurationList;
			buildConfigurations = (
				2DBA681727EEB5FA00DE949C /* Debug */,
				2DBA681827EEB5FA00DE949C /* Release */,
			);
			defaultConfigurationIsVisible = 0;
			defaultConfigurationName = Release;
		};
		2DBA681927EEB5FA00DE949C /* Build configuration list for PBXNativeTarget "InstagramUITests" */ = {
			isa = XCConfigurationList;
			buildConfigurations = (
				2DBA681A27EEB5FA00DE949C /* Debug */,
				2DBA681B27EEB5FA00DE949C /* Release */,
			);
			defaultConfigurationIsVisible = 0;
			defaultConfigurationName = Release;
		};
/* End XCConfigurationList section */
	};
	rootObject = 2DBA67E127EEB5E800DE949C /* Project object */;
}
